{
 "$comment": "meteor-cfd - Copyright (c) 2026 주식회사 이터레이션즈 (Iterations Co., Ltd.). Source-available, not Open Source. No GPL-licensed source was consulted.",
 "entries": {
  "b0-lhs": {
   "audit_ok": true,
   "audit_reruns": 61,
   "audit_reruns_equal": 61,
   "binary_sha256": "054bba67c8650082431ac01325e497208a9bc663c4760a36f7472ff62814a90b",
   "bytes": 263811,
   "campaign_id": "b0-lhs-test",
   "content_sha256": "4faa49ace45eefbfebc71190d1f7bd8bc9536bae8ef32d0b7188b119f80f8c1f",
   "file": "sealed/test_b0-lhs.json.gz",
   "gates_sha256": "93cc1648563ec0ac96b81d837e8625c9b98140114c094e63ee20b793a1aef1aa",
   "git_sha": "4f56fd1312ccf7ddfc8c47b54c44ac8959e29d8f",
   "harness_errors": 0,
   "knobs_sha256": "60a021602ffb9e2c4ac59b0851745113162a86988bf562a6cd4db30cccc0b0ba",
   "manifest_sha256": "69a6c9399b5ace39696ebbc2b6123214f0b5134f7cfb8b8709e392a871fb010a",
   "max_live_mesher": 6,
   "n_geometries": 180,
   "orphans": 0,
   "peak_frac": 0.04310592989324852,
   "peak_rss_mib": 1218.41015625,
   "replay_ok": true,
   "sealed_at": "2026-09-24T18:57:32Z",
   "sha256": "03ee0ac451a0474bd3339028f1364e18745336ba890b2e46a06b324285d79a59",
   "wall_seconds": 1625.737470800057
  },
  "b0-template": {
   "audit_ok": true,
   "audit_reruns": 11,
   "audit_reruns_equal": 11,
   "binary_sha256": "054bba67c8650082431ac01325e497208a9bc663c4760a36f7472ff62814a90b",
   "bytes": 108419,
   "campaign_id": "b0-template-test",
   "content_sha256": "d4273dae973673366b761a76dca225d360a47eccbe4778a17af96aa837b22149",
   "file": "sealed/test_b0-template.json.gz",
   "gates_sha256": "93cc1648563ec0ac96b81d837e8625c9b98140114c094e63ee20b793a1aef1aa",
   "git_sha": "4f56fd1312ccf7ddfc8c47b54c44ac8959e29d8f",
   "harness_errors": 0,
   "knobs_sha256": "60a021602ffb9e2c4ac59b0851745113162a86988bf562a6cd4db30cccc0b0ba",
   "manifest_sha256": "69a6c9399b5ace39696ebbc2b6123214f0b5134f7cfb8b8709e392a871fb010a",
   "max_live_mesher": 6,
   "n_geometries": 180,
   "orphans": 0,
   "peak_frac": 0.010899030053351556,
   "peak_rss_mib": 308.06640625,
   "replay_ok": true,
   "sealed_at": "2026-09-24T18:30:13Z",
   "sha256": "7685d908ada56902576840d03baef07476408bb7e969a4739fb8d9a3fac79a59",
   "wall_seconds": 231.35005110001657
  }
 },
 "schema": "autonomy-baseline-seal/1"
}
