# autonomy-split/1 - the docs/15 section E split, written once by tools/autonomy/corpus/split.py --write.
# The test manifest is held out: only mode evaluate reads it (docs/15 sections E and F), and split.py
# refuses to overwrite this file. A second claim needs a fresh test seed and a NEW lock file.
schema autonomy-split/1
corpus_seed 1
split_salt 17
families A 120/36 B 120/36 D 120/36 E 60/18 F 60/18 G 120/36
spent A-1-000 A-1-001 A-1-002 A-1-003 A-1-012 B-1-000 B-1-001 B-1-002 B-1-003 B-1-004
tuning tuning.jsonl rows 420 sha256 a579f10c00ea4fa6ca6f1d65e73a9e21c008f5e0c3158dd19cf97a20dbfb2da4
test test.jsonl rows 180 sha256 69a6c9399b5ace39696ebbc2b6123214f0b5134f7cfb8b8709e392a871fb010a
test_ids A-1-008 A-1-014 A-1-018 A-1-019 A-1-027 A-1-030 A-1-031 A-1-035 A-1-038 A-1-042 A-1-043 A-1-045 A-1-046 A-1-051 A-1-054 A-1-055 A-1-058 A-1-059 A-1-062 A-1-067 A-1-077 A-1-079 A-1-082 A-1-083 A-1-084 A-1-085 A-1-086 A-1-092 A-1-093 A-1-094 A-1-104 A-1-105 A-1-110 A-1-111 A-1-113 A-1-115 B-1-007 B-1-008 B-1-010 B-1-018 B-1-022 B-1-027 B-1-028 B-1-031 B-1-035 B-1-037 B-1-039 B-1-043 B-1-050 B-1-051 B-1-056 B-1-059 B-1-063 B-1-065 B-1-066 B-1-067 B-1-071 B-1-081 B-1-082 B-1-087 B-1-092 B-1-093 B-1-098 B-1-101 B-1-102 B-1-103 B-1-104 B-1-107 B-1-109 B-1-115 B-1-117 B-1-118 D-1-000 D-1-004 D-1-006 D-1-009 D-1-013 D-1-015 D-1-021 D-1-026 D-1-028 D-1-029 D-1-030 D-1-034 D-1-035 D-1-039 D-1-045 D-1-046 D-1-047 D-1-048 D-1-050 D-1-052 D-1-060 D-1-063 D-1-070 D-1-074 D-1-075 D-1-081 D-1-084 D-1-087 D-1-089 D-1-090 D-1-092 D-1-096 D-1-100 D-1-108 D-1-114 D-1-115 E-1-006 E-1-013 E-1-016 E-1-021 E-1-026 E-1-029 E-1-031 E-1-034 E-1-035 E-1-036 E-1-037 E-1-038 E-1-040 E-1-042 E-1-044 E-1-047 E-1-049 E-1-053 F-1-000 F-1-004 F-1-013 F-1-014 F-1-015 F-1-017 F-1-019 F-1-021 F-1-024 F-1-026 F-1-033 F-1-034 F-1-043 F-1-044 F-1-052 F-1-057 F-1-058 F-1-059 G-1-003 G-1-004 G-1-005 G-1-006 G-1-007 G-1-008 G-1-009 G-1-011 G-1-014 G-1-015 G-1-017 G-1-018 G-1-019 G-1-020 G-1-021 G-1-023 G-1-025 G-1-034 G-1-035 G-1-036 G-1-037 G-1-043 G-1-051 G-1-055 G-1-058 G-1-062 G-1-064 G-1-068 G-1-072 G-1-076 G-1-080 G-1-087 G-1-098 G-1-101 G-1-112 G-1-116
