# autonomy-split/1 - a FRESH test seed for a second claim (docs/15 section F), written once by
# tools/autonomy/corpus/split.py --write-fresh. Only mode evaluate reads its test manifest; the
# seed-1 split and its lock are untouched. split.py refuses to overwrite this file.
schema autonomy-split/1
fresh_test_seed 2
corpus_seed 2
split_salt 17
families A 120/36 B 120/36 D 120/36 E 60/18 F 60/18 G 120/36
test test.jsonl rows 180 sha256 3bd59a3dde90f1929ec61888b40b20cc40a598f6543805584e9ca7a88b675bb9
test_ids A-2-000 A-2-008 A-2-018 A-2-019 A-2-026 A-2-028 A-2-029 A-2-031 A-2-033 A-2-038 A-2-050 A-2-055 A-2-060 A-2-063 A-2-067 A-2-069 A-2-070 A-2-071 A-2-073 A-2-074 A-2-075 A-2-076 A-2-077 A-2-078 A-2-079 A-2-080 A-2-084 A-2-094 A-2-095 A-2-097 A-2-098 A-2-099 A-2-103 A-2-107 A-2-110 A-2-112 B-2-007 B-2-014 B-2-015 B-2-016 B-2-022 B-2-025 B-2-028 B-2-029 B-2-030 B-2-033 B-2-035 B-2-037 B-2-038 B-2-040 B-2-042 B-2-045 B-2-046 B-2-047 B-2-053 B-2-060 B-2-063 B-2-067 B-2-069 B-2-079 B-2-081 B-2-083 B-2-085 B-2-086 B-2-088 B-2-093 B-2-097 B-2-099 B-2-104 B-2-108 B-2-111 B-2-116 D-2-001 D-2-005 D-2-006 D-2-014 D-2-017 D-2-018 D-2-020 D-2-021 D-2-032 D-2-033 D-2-036 D-2-038 D-2-044 D-2-050 D-2-054 D-2-055 D-2-060 D-2-067 D-2-074 D-2-078 D-2-080 D-2-081 D-2-084 D-2-089 D-2-096 D-2-098 D-2-099 D-2-101 D-2-102 D-2-106 D-2-107 D-2-111 D-2-114 D-2-116 D-2-117 D-2-118 E-2-001 E-2-002 E-2-003 E-2-011 E-2-017 E-2-020 E-2-024 E-2-025 E-2-028 E-2-032 E-2-036 E-2-043 E-2-044 E-2-050 E-2-055 E-2-056 E-2-057 E-2-058 F-2-003 F-2-004 F-2-005 F-2-019 F-2-021 F-2-022 F-2-024 F-2-026 F-2-028 F-2-030 F-2-031 F-2-036 F-2-037 F-2-041 F-2-051 F-2-053 F-2-056 F-2-058 G-2-002 G-2-006 G-2-011 G-2-013 G-2-014 G-2-015 G-2-016 G-2-018 G-2-021 G-2-025 G-2-032 G-2-033 G-2-037 G-2-042 G-2-044 G-2-045 G-2-056 G-2-058 G-2-059 G-2-064 G-2-071 G-2-072 G-2-074 G-2-076 G-2-077 G-2-080 G-2-086 G-2-088 G-2-091 G-2-092 G-2-105 G-2-111 G-2-113 G-2-116 G-2-118 G-2-119
